
Microsoft Visual Studio Solution File, Format Version 12.00
# Visual Studio Version 17
VisualStudioVersion = 17.5.33516.290
MinimumVisualStudioVersion = 10.0.40219.1
Project("{9A19103F-16F7-4668-BE54-9A1E7A4F7556}") = "GorillaBoard", "GorillaBoard.csproj", "{501A14BF-8A78-41B4-BF64-60D9D374CD59}"
EndProject
Global
	GlobalSection(SolutionConfigurationPlatforms) = preSolution
		Debug|Any CPU = Debug|Any CPU
		Release|Any CPU = Release|Any CPU
	EndGlobalSection
	GlobalSection(ProjectConfigurationPlatforms) = postSolution
		{501A14BF-8A78-41B4-BF64-60D9D374CD59}.Debug|Any CPU.ActiveCfg = Debug|Any CPU
		{501A14BF-8A78-41B4-BF64-60D9D374CD59}.Debug|Any CPU.Build.0 = Debug|Any CPU
		{501A14BF-8A78-41B4-BF64-60D9D374CD59}.Release|Any CPU.ActiveCfg = Release|Any CPU
		{501A14BF-8A78-41B4-BF64-60D9D374CD59}.Release|Any CPU.Build.0 = Release|Any CPU
	EndGlobalSection
	GlobalSection(SolutionProperties) = preSolution
		HideSolutionNode = FALSE
	EndGlobalSection
	GlobalSection(ExtensibilityGlobals) = postSolution
		SolutionGuid = {C6C98D74-82A1-4D03-9C6D-A5C4634A9782}
	EndGlobalSection
EndGlobal
